
Microsoft Visual Studio Solution File, Format Version 12.00
# Visual Studio Version 17
VisualStudioVersion = 17.2.32516.85
MinimumVisualStudioVersion = 10.0.40219.1
Project("{9A19103F-16F7-4668-BE54-9A1E7A4F7556}") = "krugerEvaluacion", "krugerEvaluacion\krugerEvaluacion.csproj", "{46E6F3A8-7243-42C9-BE5D-82628C6F594A}"
EndProject
Project("{9A19103F-16F7-4668-BE54-9A1E7A4F7556}") = "krugerEvaluacion.Infrastructure", "krugerEvaluacion.Infrastructure\krugerEvaluacion.Infrastructure.csproj", "{24A430A6-D5BE-4FE5-B448-427DA531AFF9}"
EndProject
Project("{9A19103F-16F7-4668-BE54-9A1E7A4F7556}") = "krugerEvaluacion.Core", "krugerEvaluacion.Core\krugerEvaluacion.Core.csproj", "{A9045036-1861-400C-8FE8-525AA2CEA331}"
EndProject
Global
	GlobalSection(SolutionConfigurationPlatforms) = preSolution
		Debug|Any CPU = Debug|Any CPU
		Release|Any CPU = Release|Any CPU
	EndGlobalSection
	GlobalSection(ProjectConfigurationPlatforms) = postSolution
		{46E6F3A8-7243-42C9-BE5D-82628C6F594A}.Debug|Any CPU.ActiveCfg = Debug|Any CPU
		{46E6F3A8-7243-42C9-BE5D-82628C6F594A}.Debug|Any CPU.Build.0 = Debug|Any CPU
		{46E6F3A8-7243-42C9-BE5D-82628C6F594A}.Release|Any CPU.ActiveCfg = Release|Any CPU
		{46E6F3A8-7243-42C9-BE5D-82628C6F594A}.Release|Any CPU.Build.0 = Release|Any CPU
		{24A430A6-D5BE-4FE5-B448-427DA531AFF9}.Debug|Any CPU.ActiveCfg = Debug|Any CPU
		{24A430A6-D5BE-4FE5-B448-427DA531AFF9}.Debug|Any CPU.Build.0 = Debug|Any CPU
		{24A430A6-D5BE-4FE5-B448-427DA531AFF9}.Release|Any CPU.ActiveCfg = Release|Any CPU
		{24A430A6-D5BE-4FE5-B448-427DA531AFF9}.Release|Any CPU.Build.0 = Release|Any CPU
		{A9045036-1861-400C-8FE8-525AA2CEA331}.Debug|Any CPU.ActiveCfg = Debug|Any CPU
		{A9045036-1861-400C-8FE8-525AA2CEA331}.Debug|Any CPU.Build.0 = Debug|Any CPU
		{A9045036-1861-400C-8FE8-525AA2CEA331}.Release|Any CPU.ActiveCfg = Release|Any CPU
		{A9045036-1861-400C-8FE8-525AA2CEA331}.Release|Any CPU.Build.0 = Release|Any CPU
	EndGlobalSection
	GlobalSection(SolutionProperties) = preSolution
		HideSolutionNode = FALSE
	EndGlobalSection
	GlobalSection(ExtensibilityGlobals) = postSolution
		SolutionGuid = {2E6151DB-D574-4C76-A5A3-D09D1F78FB76}
	EndGlobalSection
EndGlobal
